// !$*UTF8*$!
{
	archiveVersion = 1;
	classes = {
	};
	objectVersion = 56;
	objects = {

/* Begin PBXBuildFile section */
		34531BD8290ABE3A0021CDAE /* GoalCardView.swift in Sources */ = {isa = PBXBuildFile; fileRef = 34531BD7290ABE3A0021CDAE /* GoalCardView.swift */; };
		3482C3E72901AADC0031B624 /* Goal.swift in Sources */ = {isa = PBXBuildFile; fileRef = 3482C3E62901AADC0031B624 /* Goal.swift */; };
		3482C3E92902B2220031B624 /* Task.swift in Sources */ = {isa = PBXBuildFile; fileRef = 3482C3E82902B2220031B624 /* Task.swift */; };
		34DD07012902F205004A0295 /* GoalListView.swift in Sources */ = {isa = PBXBuildFile; fileRef = 34DD07002902F205004A0295 /* GoalListView.swift */; };
		520D857D290AB17400782A97 /* GoalDetailsView.swift in Sources */ = {isa = PBXBuildFile; fileRef = 520D857C290AB17400782A97 /* GoalDetailsView.swift */; };
		5230446D290058C500B0BD3A /* MC1_PolarApp.swift in Sources */ = {isa = PBXBuildFile; fileRef = 5230446C290058C500B0BD3A /* MC1_PolarApp.swift */; };
		52304471290058C600B0BD3A /* Assets.xcassets in Resources */ = {isa = PBXBuildFile; fileRef = 52304470290058C600B0BD3A /* Assets.xcassets */; };
		52304474290058C600B0BD3A /* Preview Assets.xcassets in Resources */ = {isa = PBXBuildFile; fileRef = 52304473290058C600B0BD3A /* Preview Assets.xcassets */; };
		5230447D29008D3100B0BD3A /* GoalCreationView.swift in Sources */ = {isa = PBXBuildFile; fileRef = 5230447C29008D3100B0BD3A /* GoalCreationView.swift */; };
		5230447F29008E3C00B0BD3A /* MainView.swift in Sources */ = {isa = PBXBuildFile; fileRef = 5230447E29008E3C00B0BD3A /* MainView.swift */; };
		52E9669A2906C43200E76016 /* Database.swift in Sources */ = {isa = PBXBuildFile; fileRef = 52E966992906C43200E76016 /* Database.swift */; };
		52E9669C2906D4C800E76016 /* FocusModeView.swift in Sources */ = {isa = PBXBuildFile; fileRef = 52E9669B2906D4C800E76016 /* FocusModeView.swift */; };
		52E9669F29083A4300E76016 /* GoalViewModel.swift in Sources */ = {isa = PBXBuildFile; fileRef = 52E9669E29083A4300E76016 /* GoalViewModel.swift */; };
		52E966A129083A4D00E76016 /* TaskViewModel.swift in Sources */ = {isa = PBXBuildFile; fileRef = 52E966A029083A4D00E76016 /* TaskViewModel.swift */; };
		52ECD54929095ABF00D14312 /* SecondaryCardView.swift in Sources */ = {isa = PBXBuildFile; fileRef = 52ECD54829095ABF00D14312 /* SecondaryCardView.swift */; };
		52ECD54B29095ACD00D14312 /* PrimaryCardView.swift in Sources */ = {isa = PBXBuildFile; fileRef = 52ECD54A29095ACD00D14312 /* PrimaryCardView.swift */; };
/* End PBXBuildFile section */

/* Begin PBXFileReference section */
		34531BD7290ABE3A0021CDAE /* GoalCardView.swift */ = {isa = PBXFileReference; lastKnownFileType = sourcecode.swift; path = GoalCardView.swift; sourceTree = "<group>"; };
		3482C3E62901AADC0031B624 /* Goal.swift */ = {isa = PBXFileReference; lastKnownFileType = sourcecode.swift; path = Goal.swift; sourceTree = "<group>"; };
		3482C3E82902B2220031B624 /* Task.swift */ = {isa = PBXFileReference; lastKnownFileType = sourcecode.swift; path = Task.swift; sourceTree = "<group>"; };
		34DD07002902F205004A0295 /* GoalListView.swift */ = {isa = PBXFileReference; lastKnownFileType = sourcecode.swift; path = GoalListView.swift; sourceTree = "<group>"; };
		520D857C290AB17400782A97 /* GoalDetailsView.swift */ = {isa = PBXFileReference; lastKnownFileType = sourcecode.swift; path = GoalDetailsView.swift; sourceTree = "<group>"; };
		52304469290058C500B0BD3A /* Taskey.app */ = {isa = PBXFileReference; explicitFileType = wrapper.application; includeInIndex = 0; path = Taskey.app; sourceTree = BUILT_PRODUCTS_DIR; };
		5230446C290058C500B0BD3A /* MC1_PolarApp.swift */ = {isa = PBXFileReference; lastKnownFileType = sourcecode.swift; path = MC1_PolarApp.swift; sourceTree = "<group>"; };
		52304470290058C600B0BD3A /* Assets.xcassets */ = {isa = PBXFileReference; lastKnownFileType = folder.assetcatalog; path = Assets.xcassets; sourceTree = "<group>"; };
		52304473290058C600B0BD3A /* Preview Assets.xcassets */ = {isa = PBXFileReference; lastKnownFileType = folder.assetcatalog; path = "Preview Assets.xcassets"; sourceTree = "<group>"; };
		5230447C29008D3100B0BD3A /* GoalCreationView.swift */ = {isa = PBXFileReference; lastKnownFileType = sourcecode.swift; path = GoalCreationView.swift; sourceTree = "<group>"; };
		5230447E29008E3C00B0BD3A /* MainView.swift */ = {isa = PBXFileReference; lastKnownFileType = sourcecode.swift; path = MainView.swift; sourceTree = "<group>"; };
		52E966992906C43200E76016 /* Database.swift */ = {isa = PBXFileReference; lastKnownFileType = sourcecode.swift; path = Database.swift; sourceTree = "<group>"; };
		52E9669B2906D4C800E76016 /* FocusModeView.swift */ = {isa = PBXFileReference; lastKnownFileType = sourcecode.swift; path = FocusModeView.swift; sourceTree = "<group>"; };
		52E9669E29083A4300E76016 /* GoalViewModel.swift */ = {isa = PBXFileReference; lastKnownFileType = sourcecode.swift; path = GoalViewModel.swift; sourceTree = "<group>"; };
		52E966A029083A4D00E76016 /* TaskViewModel.swift */ = {isa = PBXFileReference; lastKnownFileType = sourcecode.swift; path = TaskViewModel.swift; sourceTree = "<group>"; };
		52ECD54829095ABF00D14312 /* SecondaryCardView.swift */ = {isa = PBXFileReference; lastKnownFileType = sourcecode.swift; path = SecondaryCardView.swift; sourceTree = "<group>"; };
		52ECD54A29095ACD00D14312 /* PrimaryCardView.swift */ = {isa = PBXFileReference; lastKnownFileType = sourcecode.swift; path = PrimaryCardView.swift; sourceTree = "<group>"; };
/* End PBXFileReference section */

/* Begin PBXFrameworksBuildPhase section */
		52304466290058C500B0BD3A /* Frameworks */ = {
			isa = PBXFrameworksBuildPhase;
			buildActionMask = 2147483647;
			files = (
			);
			runOnlyForDeploymentPostprocessing = 0;
		};
/* End PBXFrameworksBuildPhase section */

/* Begin PBXGroup section */
		34DD06FF2902EED0004A0295 /* Model */ = {
			isa = PBXGroup;
			children = (
				3482C3E62901AADC0031B624 /* Goal.swift */,
				3482C3E82902B2220031B624 /* Task.swift */,
				52E966992906C43200E76016 /* Database.swift */,
			);
			path = Model;
			sourceTree = "<group>";
		};
		52304460290058C500B0BD3A = {
			isa = PBXGroup;
			children = (
				5230446B290058C500B0BD3A /* MC1_Polar */,
				5230446A290058C500B0BD3A /* Products */,
			);
			sourceTree = "<group>";
		};
		5230446A290058C500B0BD3A /* Products */ = {
			isa = PBXGroup;
			children = (
				52304469290058C500B0BD3A /* Taskey.app */,
			);
			name = Products;
			sourceTree = "<group>";
		};
		5230446B290058C500B0BD3A /* MC1_Polar */ = {
			isa = PBXGroup;
			children = (
				5230446C290058C500B0BD3A /* MC1_PolarApp.swift */,
				52E9669D290839B300E76016 /* ViewModel */,
				34DD06FF2902EED0004A0295 /* Model */,
				5230447A290059F800B0BD3A /* View */,
				52304470290058C600B0BD3A /* Assets.xcassets */,
				52304472290058C600B0BD3A /* Preview Content */,
			);
			path = MC1_Polar;
			sourceTree = "<group>";
		};
		52304472290058C600B0BD3A /* Preview Content */ = {
			isa = PBXGroup;
			children = (
				52304473290058C600B0BD3A /* Preview Assets.xcassets */,
			);
			path = "Preview Content";
			sourceTree = "<group>";
		};
		5230447A290059F800B0BD3A /* View */ = {
			isa = PBXGroup;
			children = (
				5230447E29008E3C00B0BD3A /* MainView.swift */,
				5230447C29008D3100B0BD3A /* GoalCreationView.swift */,
				34DD07002902F205004A0295 /* GoalListView.swift */,
				52E9669B2906D4C800E76016 /* FocusModeView.swift */,
				52ECD54829095ABF00D14312 /* SecondaryCardView.swift */,
				52ECD54A29095ACD00D14312 /* PrimaryCardView.swift */,
				520D857C290AB17400782A97 /* GoalDetailsView.swift */,
				34531BD7290ABE3A0021CDAE /* GoalCardView.swift */,
			);
			path = View;
			sourceTree = "<group>";
		};
		52E9669D290839B300E76016 /* ViewModel */ = {
			isa = PBXGroup;
			children = (
				52E9669E29083A4300E76016 /* GoalViewModel.swift */,
				52E966A029083A4D00E76016 /* TaskViewModel.swift */,
			);
			path = ViewModel;
			sourceTree = "<group>";
		};
/* End PBXGroup section */

/* Begin PBXNativeTarget section */
		52304468290058C500B0BD3A /* Taskey */ = {
			isa = PBXNativeTarget;
			buildConfigurationList = 52304477290058C600B0BD3A /* Build configuration list for PBXNativeTarget "Taskey" */;
			buildPhases = (
				52304465290058C500B0BD3A /* Sources */,
				52304466290058C500B0BD3A /* Frameworks */,
				52304467290058C500B0BD3A /* Resources */,
			);
			buildRules = (
			);
			dependencies = (
			);
			name = Taskey;
			productName = MC1_Polar;
			productReference = 52304469290058C500B0BD3A /* Taskey.app */;
			productType = "com.apple.product-type.application";
		};
/* End PBXNativeTarget section */

/* Begin PBXProject section */
		52304461290058C500B0BD3A /* Project object */ = {
			isa = PBXProject;
			attributes = {
				BuildIndependentTargetsInParallel = 1;
				LastSwiftUpdateCheck = 1400;
				LastUpgradeCheck = 1400;
				TargetAttributes = {
					52304468290058C500B0BD3A = {
						CreatedOnToolsVersion = 14.0.1;
					};
				};
			};
			buildConfigurationList = 52304464290058C500B0BD3A /* Build configuration list for PBXProject "MC-1_Taskey" */;
			compatibilityVersion = "Xcode 14.0";
			developmentRegion = en;
			hasScannedForEncodings = 0;
			knownRegions = (
				en,
				Base,
			);
			mainGroup = 52304460290058C500B0BD3A;
			productRefGroup = 5230446A290058C500B0BD3A /* Products */;
			projectDirPath = "";
			projectRoot = "";
			targets = (
				52304468290058C500B0BD3A /* Taskey */,
			);
		};
/* End PBXProject section */

/* Begin PBXResourcesBuildPhase section */
		52304467290058C500B0BD3A /* Resources */ = {
			isa = PBXResourcesBuildPhase;
			buildActionMask = 2147483647;
			files = (
				52304474290058C600B0BD3A /* Preview Assets.xcassets in Resources */,
				52304471290058C600B0BD3A /* Assets.xcassets in Resources */,
			);
			runOnlyForDeploymentPostprocessing = 0;
		};
/* End PBXResourcesBuildPhase section */

/* Begin PBXSourcesBuildPhase section */
		52304465290058C500B0BD3A /* Sources */ = {
			isa = PBXSourcesBuildPhase;
			buildActionMask = 2147483647;
			files = (
				5230447D29008D3100B0BD3A /* GoalCreationView.swift in Sources */,
				5230447F29008E3C00B0BD3A /* MainView.swift in Sources */,
				52E9669F29083A4300E76016 /* GoalViewModel.swift in Sources */,
				3482C3E72901AADC0031B624 /* Goal.swift in Sources */,
				34DD07012902F205004A0295 /* GoalListView.swift in Sources */,
				52ECD54B29095ACD00D14312 /* PrimaryCardView.swift in Sources */,
				3482C3E92902B2220031B624 /* Task.swift in Sources */,
				52E9669A2906C43200E76016 /* Database.swift in Sources */,
				520D857D290AB17400782A97 /* GoalDetailsView.swift in Sources */,
				34531BD8290ABE3A0021CDAE /* GoalCardView.swift in Sources */,
				52E966A129083A4D00E76016 /* TaskViewModel.swift in Sources */,
				52E9669C2906D4C800E76016 /* FocusModeView.swift in Sources */,
				5230446D290058C500B0BD3A /* MC1_PolarApp.swift in Sources */,
				52ECD54929095ABF00D14312 /* SecondaryCardView.swift in Sources */,
			);
			runOnlyForDeploymentPostprocessing = 0;
		};
/* End PBXSourcesBuildPhase section */

/* Begin XCBuildConfiguration section */
		52304475290058C600B0BD3A /* Debug */ = {
			isa = XCBuildConfiguration;
			buildSettings = {
				ALWAYS_SEARCH_USER_PATHS = NO;
				CLANG_ANALYZER_NONNULL = YES;
				CLANG_ANALYZER_NUMBER_OBJECT_CONVERSION = YES_AGGRESSIVE;
				CLANG_CXX_LANGUAGE_STANDARD = "gnu++20";
				CLANG_ENABLE_MODULES = YES;
				CLANG_ENABLE_OBJC_ARC = YES;
				CLANG_ENABLE_OBJC_WEAK = YES;
				CLANG_WARN_BLOCK_CAPTURE_AUTORELEASING = YES;
				CLANG_WARN_BOOL_CONVERSION = YES;
				CLANG_WARN_COMMA = YES;
				CLANG_WARN_CONSTANT_CONVERSION = YES;
				CLANG_WARN_DEPRECATED_OBJC_IMPLEMENTATIONS = YES;
				CLANG_WARN_DIRECT_OBJC_ISA_USAGE = YES_ERROR;
				CLANG_WARN_DOCUMENTATION_COMMENTS = YES;
				CLANG_WARN_EMPTY_BODY = YES;
				CLANG_WARN_ENUM_CONVERSION = YES;
				CLANG_WARN_INFINITE_RECURSION = YES;
				CLANG_WARN_INT_CONVERSION = YES;
				CLANG_WARN_NON_LITERAL_NULL_CONVERSION = YES;
				CLANG_WARN_OBJC_IMPLICIT_RETAIN_SELF = YES;
				CLANG_WARN_OBJC_LITERAL_CONVERSION = YES;
				CLANG_WARN_OBJC_ROOT_CLASS = YES_ERROR;
				CLANG_WARN_QUOTED_INCLUDE_IN_FRAMEWORK_HEADER = YES;
				CLANG_WARN_RANGE_LOOP_ANALYSIS = YES;
				CLANG_WARN_STRICT_PROTOTYPES = YES;
				CLANG_WARN_SUSPICIOUS_MOVE = YES;
				CLANG_WARN_UNGUARDED_AVAILABILITY = YES_AGGRESSIVE;
				CLANG_WARN_UNREACHABLE_CODE = YES;
				CLANG_WARN__DUPLICATE_METHOD_MATCH = YES;
				COPY_PHASE_STRIP = NO;
				DEBUG_INFORMATION_FORMAT = dwarf;
				ENABLE_STRICT_OBJC_MSGSEND = YES;
				ENABLE_TESTABILITY = YES;
				GCC_C_LANGUAGE_STANDARD = gnu11;
				GCC_DYNAMIC_NO_PIC = NO;
				GCC_NO_COMMON_BLOCKS = YES;
				GCC_OPTIMIZATION_LEVEL = 0;
				GCC_PREPROCESSOR_DEFINITIONS = (
					"DEBUG=1",
					"$(inherited)",
				);
				GCC_WARN_64_TO_32_BIT_CONVERSION = YES;
				GCC_WARN_ABOUT_RETURN_TYPE = YES_ERROR;
				GCC_WARN_UNDECLARED_SELECTOR = YES;
				GCC_WARN_UNINITIALIZED_AUTOS = YES_AGGRESSIVE;
				GCC_WARN_UNUSED_FUNCTION = YES;
				GCC_WARN_UNUSED_VARIABLE = YES;
				IPHONEOS_DEPLOYMENT_TARGET = 16.0;
				MTL_ENABLE_DEBUG_INFO = INCLUDE_SOURCE;
				MTL_FAST_MATH = YES;
				ONLY_ACTIVE_ARCH = YES;
				SDKROOT = iphoneos;
				SWIFT_ACTIVE_COMPILATION_CONDITIONS = DEBUG;
				SWIFT_OPTIMIZATION_LEVEL = "-Onone";
			};
			name = Debug;
		};
		52304476290058C600B0BD3A /* Release */ = {
			isa = XCBuildConfiguration;
			buildSettings = {
				ALWAYS_SEARCH_USER_PATHS = NO;
				CLANG_ANALYZER_NONNULL = YES;
				CLANG_ANALYZER_NUMBER_OBJECT_CONVERSION = YES_AGGRESSIVE;
				CLANG_CXX_LANGUAGE_STANDARD = "gnu++20";
				CLANG_ENABLE_MODULES = YES;
				CLANG_ENABLE_OBJC_ARC = YES;
				CLANG_ENABLE_OBJC_WEAK = YES;
				CLANG_WARN_BLOCK_CAPTURE_AUTORELEASING = YES;
				CLANG_WARN_BOOL_CONVERSION = YES;
				CLANG_WARN_COMMA = YES;
				CLANG_WARN_CONSTANT_CONVERSION = YES;
				CLANG_WARN_DEPRECATED_OBJC_IMPLEMENTATIONS = YES;
				CLANG_WARN_DIRECT_OBJC_ISA_USAGE = YES_ERROR;
				CLANG_WARN_DOCUMENTATION_COMMENTS = YES;
				CLANG_WARN_EMPTY_BODY = YES;
				CLANG_WARN_ENUM_CONVERSION = YES;
				CLANG_WARN_INFINITE_RECURSION = YES;
				CLANG_WARN_INT_CONVERSION = YES;
				CLANG_WARN_NON_LITERAL_NULL_CONVERSION = YES;
				CLANG_WARN_OBJC_IMPLICIT_RETAIN_SELF = YES;
				CLANG_WARN_OBJC_LITERAL_CONVERSION = YES;
				CLANG_WARN_OBJC_ROOT_CLASS = YES_ERROR;
				CLANG_WARN_QUOTED_INCLUDE_IN_FRAMEWORK_HEADER = YES;
				CLANG_WARN_RANGE_LOOP_ANALYSIS = YES;
				CLANG_WARN_STRICT_PROTOTYPES = YES;
				CLANG_WARN_SUSPICIOUS_MOVE = YES;
				CLANG_WARN_UNGUARDED_AVAILABILITY = YES_AGGRESSIVE;
				CLANG_WARN_UNREACHABLE_CODE = YES;
				CLANG_WARN__DUPLICATE_METHOD_MATCH = YES;
				COPY_PHASE_STRIP = NO;
				DEBUG_INFORMATION_FORMAT = "dwarf-with-dsym";
				ENABLE_NS_ASSERTIONS = NO;
				ENABLE_STRICT_OBJC_MSGSEND = YES;
				GCC_C_LANGUAGE_STANDARD = gnu11;
				GCC_NO_COMMON_BLOCKS = YES;
				GCC_WARN_64_TO_32_BIT_CONVERSION = YES;
				GCC_WARN_ABOUT_RETURN_TYPE = YES_ERROR;
				GCC_WARN_UNDECLARED_SELECTOR = YES;
				GCC_WARN_UNINITIALIZED_AUTOS = YES_AGGRESSIVE;
				GCC_WARN_UNUSED_FUNCTION = YES;
				GCC_WARN_UNUSED_VARIABLE = YES;
				IPHONEOS_DEPLOYMENT_TARGET = 16.0;
				MTL_ENABLE_DEBUG_INFO = NO;
				MTL_FAST_MATH = YES;
				SDKROOT = iphoneos;
				SWIFT_COMPILATION_MODE = wholemodule;
				SWIFT_OPTIMIZATION_LEVEL = "-O";
				VALIDATE_PRODUCT = YES;
			};
			name = Release;
		};
		52304478290058C600B0BD3A /* Debug */ = {
			isa = XCBuildConfiguration;
			buildSettings = {
				ASSETCATALOG_COMPILER_APPICON_NAME = AppIcon;
				ASSETCATALOG_COMPILER_GLOBAL_ACCENT_COLOR_NAME = AccentColor;
				CODE_SIGN_STYLE = Automatic;
				CURRENT_PROJECT_VERSION = 1;
				DEVELOPMENT_ASSET_PATHS = "\"MC1_Polar/Preview Content\"";
				DEVELOPMENT_TEAM = F639597UZK;
				ENABLE_PREVIEWS = YES;
				GENERATE_INFOPLIST_FILE = YES;
				INFOPLIST_KEY_UIApplicationSceneManifest_Generation = YES;
				INFOPLIST_KEY_UIApplicationSupportsIndirectInputEvents = YES;
				INFOPLIST_KEY_UILaunchScreen_Generation = YES;
				INFOPLIST_KEY_UIStatusBarStyle = UIStatusBarStyleDarkContent;
				INFOPLIST_KEY_UISupportedInterfaceOrientations_iPad = "UIInterfaceOrientationPortrait UIInterfaceOrientationPortraitUpsideDown UIInterfaceOrientationLandscapeLeft UIInterfaceOrientationLandscapeRight";
				INFOPLIST_KEY_UISupportedInterfaceOrientations_iPhone = "UIInterfaceOrientationPortrait UIInterfaceOrientationLandscapeLeft UIInterfaceOrientationLandscapeRight";
				INFOPLIST_KEY_UIUserInterfaceStyle = Dark;
				LD_RUNPATH_SEARCH_PATHS = (
					"$(inherited)",
					"@executable_path/Frameworks",
				);
				MARKETING_VERSION = 1.0;
				PRODUCT_BUNDLE_IDENTIFIER = "com.academy.mc1.Polar.MC1-Polar";
				PRODUCT_NAME = "$(TARGET_NAME)";
				SWIFT_EMIT_LOC_STRINGS = YES;
				SWIFT_VERSION = 5.0;
				TARGETED_DEVICE_FAMILY = "1,2";
			};
			name = Debug;
		};
		52304479290058C600B0BD3A /* Release */ = {
			isa = XCBuildConfiguration;
			buildSettings = {
				ASSETCATALOG_COMPILER_APPICON_NAME = AppIcon;
				ASSETCATALOG_COMPILER_GLOBAL_ACCENT_COLOR_NAME = AccentColor;
				CODE_SIGN_STYLE = Automatic;
				CURRENT_PROJECT_VERSION = 1;
				DEVELOPMENT_ASSET_PATHS = "\"MC1_Polar/Preview Content\"";
				DEVELOPMENT_TEAM = F639597UZK;
				ENABLE_PREVIEWS = YES;
				GENERATE_INFOPLIST_FILE = YES;
				INFOPLIST_KEY_UIApplicationSceneManifest_Generation = YES;
				INFOPLIST_KEY_UIApplicationSupportsIndirectInputEvents = YES;
				INFOPLIST_KEY_UILaunchScreen_Generation = YES;
				INFOPLIST_KEY_UIStatusBarStyle = UIStatusBarStyleDarkContent;
				INFOPLIST_KEY_UISupportedInterfaceOrientations_iPad = "UIInterfaceOrientationPortrait UIInterfaceOrientationPortraitUpsideDown UIInterfaceOrientationLandscapeLeft UIInterfaceOrientationLandscapeRight";
				INFOPLIST_KEY_UISupportedInterfaceOrientations_iPhone = "UIInterfaceOrientationPortrait UIInterfaceOrientationLandscapeLeft UIInterfaceOrientationLandscapeRight";
				INFOPLIST_KEY_UIUserInterfaceStyle = Dark;
				LD_RUNPATH_SEARCH_PATHS = (
					"$(inherited)",
					"@executable_path/Frameworks",
				);
				MARKETING_VERSION = 1.0;
				PRODUCT_BUNDLE_IDENTIFIER = "com.academy.mc1.Polar.MC1-Polar";
				PRODUCT_NAME = "$(TARGET_NAME)";
				SWIFT_EMIT_LOC_STRINGS = YES;
				SWIFT_VERSION = 5.0;
				TARGETED_DEVICE_FAMILY = "1,2";
			};
			name = Release;
		};
/* End XCBuildConfiguration section */

/* Begin XCConfigurationList section */
		52304464290058C500B0BD3A /* Build configuration list for PBXProject "MC-1_Taskey" */ = {
			isa = XCConfigurationList;
			buildConfigurations = (
				52304475290058C600B0BD3A /* Debug */,
				52304476290058C600B0BD3A /* Release */,
			);
			defaultConfigurationIsVisible = 0;
			defaultConfigurationName = Release;
		};
		52304477290058C600B0BD3A /* Build configuration list for PBXNativeTarget "Taskey" */ = {
			isa = XCConfigurationList;
			buildConfigurations = (
				52304478290058C600B0BD3A /* Debug */,
				52304479290058C600B0BD3A /* Release */,
			);
			defaultConfigurationIsVisible = 0;
			defaultConfigurationName = Release;
		};
/* End XCConfigurationList section */
	};
	rootObject = 52304461290058C500B0BD3A /* Project object */;
}
